{
    "_meta": {
        "hash": {
            "sha256": "6a213767305bdad5e2c8cd3808534fa3620ab43a3abd092a7f82a2ad6e82dc9f"
        },
        "pipfile-spec": 6,
        "requires": {
            "python_version": "3.7"
        },
        "sources": [
            {
                "name": "pypi",
                "url": "https://pypi.org/simple",
                "verify_ssl": true
            }
        ]
    },
    "default": {
        "absl-py": {
            "hashes": [
                "sha256:75e737d6ce7723d9ff9b7aa1ba3233c34be62ef18d5859e706b8fdc828989830"
            ],
            "version": "==0.9.0"
        },
        "astor": {
            "hashes": [
                "sha256:070a54e890cefb5b3739d19f30f5a5ec840ffc9c50ffa7d23cc9fc1a38ebbfc5",
                "sha256:6a6effda93f4e1ce9f618779b2dd1d9d84f1e32812c23a29b3fff6fd7f63fa5e"
            ],
            "version": "==0.8.1"
        },
        "attrs": {
            "hashes": [
                "sha256:08a96c641c3a74e44eb59afb61a24f2cb9f4d7188748e76ba4bb5edfa3cb7d1c",
                "sha256:f7b7ce16570fe9965acd6d30101a28f62fb4a7f9e926b3bbc9b61f8b04247e72"
            ],
            "version": "==19.3.0"
        },
        "certifi": {
            "hashes": [
                "sha256:017c25db2a153ce562900032d5bc68e9f191e44e9a0f762f373977de9df1fbb3",
                "sha256:25b64c7da4cd7479594d035c08c2d809eb4aab3a26e5a990ea98cc450c320f1f"
            ],
            "version": "==2019.11.28"
        },
        "chardet": {
            "hashes": [
                "sha256:84ab92ed1c4d4f16916e05906b6b75a6c0fb5db821cc65e70cbd64a3e2a5eaae",
                "sha256:fc323ffcaeaed0e0a02bf4d117757b98aed530d9ed4531e3e15460124c106691"
            ],
            "version": "==3.0.4"
        },
        "ciso8601": {
            "hashes": [
                "sha256:bdbb5b366058b1c87735603b23060962c439ac9be66f1ae91e8c7dbd7d59e262"
            ],
            "index": "pypi",
            "version": "==2.1.3"
        },
        "cycler": {
            "hashes": [
                "sha256:1d8a5ae1ff6c5cf9b93e8811e581232ad8920aeec647c37316ceac982b08cb2d",
                "sha256:cd7b2d1018258d7247a71425e9f26463dfb444d411c39569972f4ce586b0c9d8"
            ],
            "version": "==0.10.0"
        },
        "decorator": {
            "hashes": [
                "sha256:54c38050039232e1db4ad7375cfce6748d7b41c29e95a081c8a6d2c30364a2ce",
                "sha256:5d19b92a3c8f7f101c8dd86afd86b0f061a8ce4540ab8cd401fa2542756bce6d"
            ],
            "version": "==4.4.1"
        },
        "falcon": {
            "hashes": [
                "sha256:18157af2a4fc3feedf2b5dcc6196f448639acf01c68bc33d4d5a04c3ef87f494",
                "sha256:24adcd2b29a8ffa9d552dc79638cd21736a3fb04eda7d102c6cebafdaadb88ad",
                "sha256:54f2cb4b687035b2a03206dbfc538055cc48b59a953187b0458aa1b574d47b53",
                "sha256:59d1e8c993b9a37ea06df9d72cf907a46cc8063b30717cdac2f34d1658b6f936",
                "sha256:733033ec80c896e30a43ab3e776856096836787197a44eb21022320a61311983",
                "sha256:74cf1d18207381c665b9e6292d65100ce146d958707793174b03869dc6e614f4",
                "sha256:95bf6ce986c1119aef12c9b348f4dee9c6dcc58391bdd0bc2b0bf353c2b15986",
                "sha256:9712975adcf8c6e12876239085ad757b8fdeba223d46d23daef82b47658f83a9",
                "sha256:a5ebb22a04c9cc65081938ee7651b4e3b4d2a28522ea8ec04c7bdd2b3e9e8cd8",
                "sha256:aa184895d1ad4573fbfaaf803563d02f019ebdf4790e41cc568a330607eae439",
                "sha256:e3782b7b92fefd46a6ad1fd8fe63fe6c6f1b7740a95ca56957f48d1aee34b357",
                "sha256:e9efa0791b5d9f9dd9689015ea6bce0a27fcd5ecbcd30e6d940bffa4f7f03389",
                "sha256:eea593cf466b9c126ce667f6d30503624ef24459f118c75594a69353b6c3d5fc",
                "sha256:f93351459f110b4c1ee28556aef9a791832df6f910bea7b3f616109d534df06b"
            ],
            "index": "pypi",
            "version": "==2.0.0"
        },
        "ffn": {
            "hashes": [
                "sha256:49380a246e51de0ff03ec979cab51b28c992c4f24a3987b3dcb32127295142c3"
            ],
            "index": "pypi",
            "version": "==0.3.4"
        },
        "future": {
            "hashes": [
                "sha256:b1bead90b70cf6ec3f0710ae53a525360fa360d306a86583adc6bf83a4db537d"
            ],
            "version": "==0.18.2"
        },
        "gast": {
            "hashes": [
                "sha256:8f46f5be57ae6889a4e16e2ca113b1703ef17f2b0abceb83793eaba9e1351a45",
                "sha256:b881ef288a49aa81440d2c5eb8aeefd4c2bb8993d5f50edae7413a85bfdb3b57"
            ],
            "version": "==0.3.3"
        },
        "gprof2dot": {
            "hashes": [
                "sha256:b43fe04ebb3dfe181a612bbfc69e90555b8957022ad6a466f0308ed9c7f22e99"
            ],
            "version": "==2019.11.30"
        },
        "grpcio": {
            "hashes": [
                "sha256:090325ec265466ae6a875faf2d903dbbf6a3e3b78b468f6a5eef25b4f19aa3a0",
                "sha256:0adf01b7b79a88d4c98059805920f952d7149b4947a6c5e725955e62a61a2bea",
                "sha256:0f2ca165eb5b1fe4532db84d0d99c5045ca20c4861f158c82bbca29655e55a08",
                "sha256:1ebe3093958b46c72c3a4a63477f7b8e60e8887d9ac8b3bdfb9e9bec05caabd2",
                "sha256:1ffdf333741726792c47145dc8cde8c947ec41e82a7f9de920d0b73edc1e67e0",
                "sha256:24cc8bab24a9799c574795ad2ec1c11430c84dd5acefb49d34439e72ca8b4aa5",
                "sha256:259659c947aaee67c306d08ce3b664f8d78abb7a0f190ae349a1bc96c7b2ff59",
                "sha256:313c202f7d3b4a60f610481186843754ec2d3eff08a7d7c80e31d4231dc30d3b",
                "sha256:3199b373dfab8e3fc77aac794c8bd59593ba75d6d7c7e5585dfe496367b053d5",
                "sha256:38d7427586963ed08e75820c7f3dbd99a9bb48cb608470655717602e7f4e6af6",
                "sha256:3b8f4c2f8db147bab6bbbe7b14a9f74e154f59572f5031ba1cf932045b73b7c9",
                "sha256:421e91334b2e296927047722c7f2f2e622e1eee5938bdaebc74b956ea1451dcf",
                "sha256:4d1ef5fa46848e073f10fde5e63c2228d8a36e850a7422c84cd470c930eb9408",
                "sha256:4ee8dbb9440aa8e578340c1d9e10deb053f70919bcc777676f8039190c76baf6",
                "sha256:692145878e7913b767546a1c2741655340d9d2f30c485700605e46e55929ec8d",
                "sha256:6ac41f39100fe81558785d20601cdb7a179aa377c25a8b4e0c84b430b09d5ee7",
                "sha256:70d876631af27383d59071f298b6e7827910d058cf00ede12222f8b73c6933cc",
                "sha256:79e7beb53d4da29f6e9527137948c702fe2829fa5644e755bca0bcefc67a8654",
                "sha256:80b7b16e74b4d6ebcaa3a5819294df1636a397efb90567b7afe5607c085c288c",
                "sha256:882a529b5c2ad498dd79fc3238a9f99249a140d3502df2bdc342b5f59b9555e3",
                "sha256:8c77e99e6aa6a98c55e3bf240271f38d705f35e4bfbcda9d90d59e6cad0fbde6",
                "sha256:8f8cc652ad0f269851da2ac1bf88f50cadb6ea80999c22a338a2ea016983f1a9",
                "sha256:9197de1aec35bc3b0130af71e35e872693b35c5b4f8e99a1ba34a867516174cb",
                "sha256:99fbd1b75d0aa9c61b09eb4975e97b35f3c1b7a0b507b7507c8904dbadb8318c",
                "sha256:9ed2b218ed83d088c159709ad6344edf85226de796036cf55253e98d297b64f5",
                "sha256:9fc0d666dbefcec490fc19282ea60111de56974537353bb74725a2c4f74f9922",
                "sha256:a032bd4cd05bf5112271f8c481a7161fbb67dc4191a12b9c04fd49c9058ae3fd",
                "sha256:a494b81441af0eba8dea62cd6a0d78da0b99989ee98f361cbcfe5c34119452b7",
                "sha256:a899725d34769a498ecd3be154021c4368dd22bdc69473f6ec46779696f626c4",
                "sha256:aa4108228c056e10f46aa012935646fe42b88fa30496ce28cc74f8d444534cca",
                "sha256:bb060dcdcc20359d565dfee36e2c906968c4fe73392e75d3de1c6025a4280b24",
                "sha256:bdd602a52c9bf86f9a126a75b304a90c055035296955127db9df33aebf043021",
                "sha256:be96fd0c8048c1b04b181b36c18274c564abc5d4f868f20a17fce0cd0f02ba81",
                "sha256:c3bf9384b1cd55de1b08c6fbeb93756d7c38af9ba57cd8aec05c41645ffeac5f",
                "sha256:c57da980d054dc9dd6d052c710536c4d8efa5f41e2193eb1662f4381aa0d501a",
                "sha256:c67278a23cb18008eab9ae1362f0e9d477ca8b8779d1ed601d9250d130ed2ed4",
                "sha256:c7e6fee9b47ccf77e9c2f62fc9ddc468f620c8dc8c1ce44b421d60f89b8181ca",
                "sha256:c9177b593504b8b6932cb6d5e8e71bfa92b12ca05e670994f156e4805fd65103",
                "sha256:d444659793b0177eca9c0d5189662f1e176faadc579e7aec9d6b4cd58654a05c",
                "sha256:e7064e2cb44beb6a5c629ed6f4a46e28f76f6e5b2c1b9fb78d9be092d0087793",
                "sha256:ee2bf83129b1952261a9cea61adbe58c4dd6b701a05bb55dc31bd917322ab99f",
                "sha256:f2eff46bc020043de5581e3e77ad7c3da6c5346d6430bbaaabc354675564ff97",
                "sha256:fcd38f293e5380335e6ec36174b34ed9a136cfb23a76082770f6180888819f28"
            ],
            "version": "==1.27.1"
        },
        "h5py": {
            "hashes": [
                "sha256:063947eaed5f271679ed4ffa36bb96f57bc14f44dd4336a827d9a02702e6ce6b",
                "sha256:13c87efa24768a5e24e360a40e0bc4c49bcb7ce1bb13a3a7f9902cec302ccd36",
                "sha256:16ead3c57141101e3296ebeed79c9c143c32bdd0e82a61a2fc67e8e6d493e9d1",
                "sha256:3dad1730b6470fad853ef56d755d06bb916ee68a3d8272b3bab0c1ddf83bb99e",
                "sha256:51ae56894c6c93159086ffa2c94b5b3388c0400548ab26555c143e7cfa05b8e5",
                "sha256:54817b696e87eb9e403e42643305f142cd8b940fe9b3b490bbf98c3b8a894cf4",
                "sha256:549ad124df27c056b2e255ea1c44d30fb7a17d17676d03096ad5cd85edb32dc1",
                "sha256:64f74da4a1dd0d2042e7d04cf8294e04ddad686f8eba9bb79e517ae582f6668d",
                "sha256:6998be619c695910cb0effe5eb15d3a511d3d1a5d217d4bd0bebad1151ec2262",
                "sha256:6ef7ab1089e3ef53ca099038f3c0a94d03e3560e6aff0e9d6c64c55fb13fc681",
                "sha256:769e141512b54dee14ec76ed354fcacfc7d97fea5a7646b709f7400cf1838630",
                "sha256:79b23f47c6524d61f899254f5cd5e486e19868f1823298bc0c29d345c2447172",
                "sha256:7be5754a159236e95bd196419485343e2b5875e806fe68919e087b6351f40a70",
                "sha256:84412798925dc870ffd7107f045d7659e60f5d46d1c70c700375248bf6bf512d",
                "sha256:86868dc07b9cc8cb7627372a2e6636cdc7a53b7e2854ad020c9e9d8a4d3fd0f5",
                "sha256:8bb1d2de101f39743f91512a9750fb6c351c032e5cd3204b4487383e34da7f75",
                "sha256:a5f82cd4938ff8761d9760af3274acf55afc3c91c649c50ab18fcff5510a14a5",
                "sha256:aac4b57097ac29089f179bbc2a6e14102dd210618e94d77ee4831c65f82f17c0",
                "sha256:bffbc48331b4a801d2f4b7dac8a72609f0b10e6e516e5c480a3e3241e091c878",
                "sha256:c0d4b04bbf96c47b6d360cd06939e72def512b20a18a8547fa4af810258355d5",
                "sha256:c54a2c0dd4957776ace7f95879d81582298c5daf89e77fb8bee7378f132951de",
                "sha256:cbf28ae4b5af0f05aa6e7551cee304f1d317dbed1eb7ac1d827cee2f1ef97a99",
                "sha256:d35f7a3a6cefec82bfdad2785e78359a0e6a5fbb3f605dd5623ce88082ccd681",
                "sha256:d3c59549f90a891691991c17f8e58c8544060fdf3ccdea267100fa5f561ff62f",
                "sha256:d7ae7a0576b06cb8e8a1c265a8bc4b73d05fdee6429bffc9a26a6eb531e79d72",
                "sha256:ecf4d0b56ee394a0984de15bceeb97cbe1fe485f1ac205121293fc44dcf3f31f",
                "sha256:f0e25bb91e7a02efccb50aba6591d3fe2c725479e34769802fcdd4076abfa917",
                "sha256:f23951a53d18398ef1344c186fb04b26163ca6ce449ebd23404b153fd111ded9",
                "sha256:ff7d241f866b718e4584fa95f520cb19405220c501bd3a53ee11871ba5166ea2"
            ],
            "version": "==2.10.0"
        },
        "idna": {
            "hashes": [
                "sha256:c357b3f628cf53ae2c4c05627ecc484553142ca23264e593d327bcde5e9c3407",
                "sha256:ea8b7f6188e6fa117537c3df7da9fc686d485087abf6ac197f9c46432f7e4a3c"
            ],
            "version": "==2.8"
        },
        "importlib-metadata": {
            "hashes": [
                "sha256:06f5b3a99029c7134207dd882428a66992a9de2bef7c2b699b5641f9886c3302",
                "sha256:b97607a1a18a5100839aec1dc26a1ea17ee0d93b20b0f008d80a5a050afb200b"
            ],
            "markers": "python_version < '3.8'",
            "version": "==1.5.0"
        },
        "joblib": {
            "hashes": [
                "sha256:0630eea4f5664c463f23fbf5dcfc54a2bc6168902719fa8e19daf033022786c8",
                "sha256:bdb4fd9b72915ffb49fde2229ce482dd7ae79d842ed8c2b4c932441495af1403"
            ],
            "version": "==0.14.1"
        },
        "keras-applications": {
            "hashes": [
                "sha256:5579f9a12bcde9748f4a12233925a59b93b73ae6947409ff34aa2ba258189fe5",
                "sha256:df4323692b8c1174af821bf906f1e442e63fa7589bf0f1230a0b6bdc5a810c95"
            ],
            "version": "==1.0.8"
        },
        "keras-preprocessing": {
            "hashes": [
                "sha256:44aee5f2c4d80c3b29f208359fcb336df80f293a0bb6b1c738da43ca206656fb",
                "sha256:5a8debe01d840de93d49e05ccf1c9b81ae30e210d34dacbcc47aeb3049b528e5"
            ],
            "version": "==1.1.0"
        },
        "kiwisolver": {
            "hashes": [
                "sha256:05b5b061e09f60f56244adc885c4a7867da25ca387376b02c1efc29cc16bcd0f",
                "sha256:210d8c39d01758d76c2b9a693567e1657ec661229bc32eac30761fa79b2474b0",
                "sha256:26f4fbd6f5e1dabff70a9ba0d2c4bd30761086454aa30dddc5b52764ee4852b7",
                "sha256:3b15d56a9cd40c52d7ab763ff0bc700edbb4e1a298dc43715ecccd605002cf11",
                "sha256:3b2378ad387f49cbb328205bda569b9f87288d6bc1bf4cd683c34523a2341efe",
                "sha256:400599c0fe58d21522cae0e8b22318e09d9729451b17ee61ba8e1e7c0346565c",
                "sha256:47b8cb81a7d18dbaf4fed6a61c3cecdb5adec7b4ac292bddb0d016d57e8507d5",
                "sha256:53eaed412477c836e1b9522c19858a8557d6e595077830146182225613b11a75",
                "sha256:58e626e1f7dfbb620d08d457325a4cdac65d1809680009f46bf41eaf74ad0187",
                "sha256:5a52e1b006bfa5be04fe4debbcdd2688432a9af4b207a3f429c74ad625022641",
                "sha256:5c7ca4e449ac9f99b3b9d4693debb1d6d237d1542dd6a56b3305fe8a9620f883",
                "sha256:682e54f0ce8f45981878756d7203fd01e188cc6c8b2c5e2cf03675390b4534d5",
                "sha256:76275ee077772c8dde04fb6c5bc24b91af1bb3e7f4816fd1852f1495a64dad93",
                "sha256:79bfb2f0bd7cbf9ea256612c9523367e5ec51d7cd616ae20ca2c90f575d839a2",
                "sha256:7f4dd50874177d2bb060d74769210f3bce1af87a8c7cf5b37d032ebf94f0aca3",
                "sha256:8944a16020c07b682df861207b7e0efcd2f46c7488619cb55f65882279119389",
                "sha256:8aa7009437640beb2768bfd06da049bad0df85f47ff18426261acecd1cf00897",
                "sha256:9105ce82dcc32c73eb53a04c869b6a4bc756b43e4385f76ea7943e827f529e4d",
                "sha256:933df612c453928f1c6faa9236161a1d999a26cd40abf1dc5d7ebbc6dbfb8fca",
                "sha256:939f36f21a8c571686eb491acfffa9c7f1ac345087281b412d63ea39ca14ec4a",
                "sha256:9491578147849b93e70d7c1d23cb1229458f71fc79c51d52dce0809b2ca44eea",
                "sha256:9733b7f64bd9f807832d673355f79703f81f0b3e52bfce420fc00d8cb28c6a6c",
                "sha256:a02f6c3e229d0b7220bd74600e9351e18bc0c361b05f29adae0d10599ae0e326",
                "sha256:a0c0a9f06872330d0dd31b45607197caab3c22777600e88031bfe66799e70bb0",
                "sha256:aa716b9122307c50686356cfb47bfbc66541868078d0c801341df31dca1232a9",
                "sha256:acc4df99308111585121db217681f1ce0eecb48d3a828a2f9bbf9773f4937e9e",
                "sha256:b64916959e4ae0ac78af7c3e8cef4becee0c0e9694ad477b4c6b3a536de6a544",
                "sha256:d22702cadb86b6fcba0e6b907d9f84a312db9cd6934ee728144ce3018e715ee1",
                "sha256:d3fcf0819dc3fea58be1fd1ca390851bdb719a549850e708ed858503ff25d995",
                "sha256:d52e3b1868a4e8fd18b5cb15055c76820df514e26aa84cc02f593d99fef6707f",
                "sha256:db1a5d3cc4ae943d674718d6c47d2d82488ddd94b93b9e12d24aabdbfe48caee",
                "sha256:e3a21a720791712ed721c7b95d433e036134de6f18c77dbe96119eaf7aa08004",
                "sha256:e8bf074363ce2babeb4764d94f8e65efd22e6a7c74860a4f05a6947afc020ff2",
                "sha256:f16814a4a96dc04bf1da7d53ee8d5b1d6decfc1a92a63349bb15d37b6a263dd9",
                "sha256:f2b22153870ca5cf2ab9c940d7bc38e8e9089fa0f7e5856ea195e1cf4ff43d5a",
                "sha256:f790f8b3dff3d53453de6a7b7ddd173d2e020fb160baff578d578065b108a05f",
                "sha256:fe51b79da0062f8e9d49ed0182a626a7dc7a0cbca0328f612c6ee5e4711c81e4"
            ],
            "version": "==1.1.0"
        },
        "lxml": {
            "hashes": [
                "sha256:06d4e0bbb1d62e38ae6118406d7cdb4693a3fa34ee3762238bcb96c9e36a93cd",
                "sha256:0701f7965903a1c3f6f09328c1278ac0eee8f56f244e66af79cb224b7ef3801c",
                "sha256:1f2c4ec372bf1c4a2c7e4bb20845e8bcf8050365189d86806bad1e3ae473d081",
                "sha256:4235bc124fdcf611d02047d7034164897ade13046bda967768836629bc62784f",
                "sha256:5828c7f3e615f3975d48f40d4fe66e8a7b25f16b5e5705ffe1d22e43fb1f6261",
                "sha256:585c0869f75577ac7a8ff38d08f7aac9033da2c41c11352ebf86a04652758b7a",
                "sha256:5d467ce9c5d35b3bcc7172c06320dddb275fea6ac2037f72f0a4d7472035cea9",
                "sha256:63dbc21efd7e822c11d5ddbedbbb08cd11a41e0032e382a0fd59b0b08e405a3a",
                "sha256:7bc1b221e7867f2e7ff1933165c0cec7153dce93d0cdba6554b42a8beb687bdb",
                "sha256:8620ce80f50d023d414183bf90cc2576c2837b88e00bea3f33ad2630133bbb60",
                "sha256:8a0ebda56ebca1a83eb2d1ac266649b80af8dd4b4a3502b2c1e09ac2f88fe128",
                "sha256:90ed0e36455a81b25b7034038e40880189169c308a3df360861ad74da7b68c1a",
                "sha256:95e67224815ef86924fbc2b71a9dbd1f7262384bca4bc4793645794ac4200717",
                "sha256:afdb34b715daf814d1abea0317b6d672476b498472f1e5aacbadc34ebbc26e89",
                "sha256:b4b2c63cc7963aedd08a5f5a454c9f67251b1ac9e22fd9d72836206c42dc2a72",
                "sha256:d068f55bda3c2c3fcaec24bd083d9e2eede32c583faf084d6e4b9daaea77dde8",
                "sha256:d5b3c4b7edd2e770375a01139be11307f04341ec709cf724e0f26ebb1eef12c3",
                "sha256:deadf4df349d1dcd7b2853a2c8796593cc346600726eff680ed8ed11812382a7",
                "sha256:df533af6f88080419c5a604d0d63b2c33b1c0c4409aba7d0cb6de305147ea8c8",
                "sha256:e4aa948eb15018a657702fee0b9db47e908491c64d36b4a90f59a64741516e77",
                "sha256:e5d842c73e4ef6ed8c1bd77806bf84a7cb535f9c0cf9b2c74d02ebda310070e1",
                "sha256:ebec08091a22c2be870890913bdadd86fcd8e9f0f22bcb398abd3af914690c15",
                "sha256:edc15fcfd77395e24543be48871c251f38132bb834d9fdfdad756adb6ea37679",
                "sha256:f2b74784ed7e0bc2d02bd53e48ad6ba523c9b36c194260b7a5045071abbb1012",
                "sha256:fa071559f14bd1e92077b1b5f6c22cf09756c6de7139370249eb372854ce51e6",
                "sha256:fd52e796fee7171c4361d441796b64df1acfceb51f29e545e812f16d023c4bbc",
                "sha256:fe976a0f1ef09b3638778024ab9fb8cde3118f203364212c198f71341c0715ca"
            ],
            "version": "==4.5.0"
        },
        "markdown": {
            "hashes": [
                "sha256:5ad7180c3ec16422a764568ad6409ec82460c40d1631591fa53d597033cc98bf",
                "sha256:9c71241ec237505535eabff7a38b1307250f16cea174bb1e505c3e032f108867"
            ],
            "version": "==3.2"
        },
        "matplotlib": {
            "hashes": [
                "sha256:23b71560c721109954c0215ffc81f4c80ce8528749d534a01a61e8ab737c5bce",
                "sha256:4164265ca573481ce61c83322e6b33628203afeabeb3e22c50376f5d3ee0f9be",
                "sha256:470eed601ff5132364e0121a20d7c3d43fab969c8c333422c1b6b72fde2ed3c1",
                "sha256:635ded7834f43c8d999076236f7e90074d77f7b8345e5e82cd95af053cc29df1",
                "sha256:6a0031774c6c68298183438edf2e738856d63a4c4797876fa81d0ee337f5361c",
                "sha256:78d0772412c0653aa3e860c52ff08d1f5ba64334e2b86b09dc2d502657d8ca73",
                "sha256:8efff896c49676700dc6adace6137a854ff64a4d44ca057ff726960ffdaa47bf",
                "sha256:97f04d29a358826f205320fbc88d46ce5c5ff6fb54ae050042ff396beda52ca4",
                "sha256:b4c0010eff09ab65c77ad1a0eec6c7cccb9f6838c3c77dc5b4002fe0cf2912fd",
                "sha256:b5ace0531255932ad19fe64c116ada2713f7b38381db8f68df0fa694409e67d1",
                "sha256:c7bb7ed3e011324b56462391ec3f4bbb7c8c6af5892ebfb45d312b15b4cdfc8d",
                "sha256:db3121f12fb9b99f105d1413aebaeb3d943f269f3d262b45586d12765866f0c6",
                "sha256:db8bbba9284845034a2f0e1add91dc5e89db8c996359bdcf677a8d6f88875cf1",
                "sha256:f0023322c99328c40ce22678ab0ab5adfc27e338419966539398239996f63e8d"
            ],
            "index": "pypi",
            "version": "==3.1.3"
        },
        "mock": {
            "hashes": [
                "sha256:2a572b715f09dd2f0a583d8aeb5bb67d7ed7a8fd31d193cf1227a99c16a67bc3",
                "sha256:5e48d216809f6f393987ed56920305d8f3c647e6ed35407c1ff2ecb88a9e1151"
            ],
            "version": "==4.0.1"
        },
        "more-itertools": {
            "hashes": [
                "sha256:5dd8bcf33e5f9513ffa06d5ad33d78f31e1931ac9a18f33d37e77a180d393a7c",
                "sha256:b1ddb932186d8a6ac451e1d95844b382f55e12686d51ca0c68b6f61f2ab7a507"
            ],
            "version": "==8.2.0"
        },
        "numpy": {
            "hashes": [
                "sha256:1786a08236f2c92ae0e70423c45e1e62788ed33028f94ca99c4df03f5be6b3c6",
                "sha256:17aa7a81fe7599a10f2b7d95856dc5cf84a4eefa45bc96123cbbc3ebc568994e",
                "sha256:20b26aaa5b3da029942cdcce719b363dbe58696ad182aff0e5dcb1687ec946dc",
                "sha256:2d75908ab3ced4223ccba595b48e538afa5ecc37405923d1fea6906d7c3a50bc",
                "sha256:39d2c685af15d3ce682c99ce5925cc66efc824652e10990d2462dfe9b8918c6a",
                "sha256:56bc8ded6fcd9adea90f65377438f9fea8c05fcf7c5ba766bef258d0da1554aa",
                "sha256:590355aeade1a2eaba17617c19edccb7db8d78760175256e3cf94590a1a964f3",
                "sha256:70a840a26f4e61defa7bdf811d7498a284ced303dfbc35acb7be12a39b2aa121",
                "sha256:77c3bfe65d8560487052ad55c6998a04b654c2fbc36d546aef2b2e511e760971",
                "sha256:9537eecf179f566fd1c160a2e912ca0b8e02d773af0a7a1120ad4f7507cd0d26",
                "sha256:9acdf933c1fd263c513a2df3dceecea6f3ff4419d80bf238510976bf9bcb26cd",
                "sha256:ae0975f42ab1f28364dcda3dde3cf6c1ddab3e1d4b2909da0cb0191fa9ca0480",
                "sha256:b3af02ecc999c8003e538e60c89a2b37646b39b688d4e44d7373e11c2debabec",
                "sha256:b6ff59cee96b454516e47e7721098e6ceebef435e3e21ac2d6c3b8b02628eb77",
                "sha256:b765ed3930b92812aa698a455847141869ef755a87e099fddd4ccf9d81fffb57",
                "sha256:c98c5ffd7d41611407a1103ae11c8b634ad6a43606eca3e2a5a269e5d6e8eb07",
                "sha256:cf7eb6b1025d3e169989416b1adcd676624c2dbed9e3bcb7137f51bfc8cc2572",
                "sha256:d92350c22b150c1cae7ebb0ee8b5670cc84848f6359cf6b5d8f86617098a9b73",
                "sha256:e422c3152921cece8b6a2fb6b0b4d73b6579bd20ae075e7d15143e711f3ca2ca",
                "sha256:e840f552a509e3380b0f0ec977e8124d0dc34dc0e68289ca28f4d7c1d0d79474",
                "sha256:f3d0a94ad151870978fb93538e95411c83899c9dc63e6fb65542f769568ecfa5"
            ],
            "index": "pypi",
            "version": "==1.18.1"
        },
        "overrides": {
            "hashes": [
                "sha256:2ee4055a686a3ab30621deca01e43562e97825e29b7993e66d73f287d204e868"
            ],
            "index": "pypi",
            "version": "==2.8.0"
        },
        "packaging": {
            "hashes": [
                "sha256:170748228214b70b672c581a3dd610ee51f733018650740e98c7df862a583f73",
                "sha256:e665345f9eef0c621aa0bf2f8d78cf6d21904eef16a93f020240b704a57f1334"
            ],
            "version": "==20.1"
        },
        "pandas": {
            "hashes": [
                "sha256:23e177d43e4bf68950b0f8788b6a2fef2f478f4ec94883acb627b9264522a98a",
                "sha256:2530aea4fe46e8df7829c3f05e0a0f821c893885d53cb8ac9b89cc67c143448c",
                "sha256:303827f0bb40ff610fbada5b12d50014811efcc37aaf6ef03202dc3054bfdda1",
                "sha256:3b019e3ea9f5d0cfee0efabae2cfd3976874e90bcc3e97b29600e5a9b345ae3d",
                "sha256:3c07765308f091d81b6735d4f2242bb43c332cc3461cae60543df6b10967fe27",
                "sha256:5036d4009012a44aa3e50173e482b664c1fae36decd277c49e453463798eca4e",
                "sha256:6f38969e2325056f9959efbe06c27aa2e94dd35382265ad0703681d993036052",
                "sha256:74a470d349d52b9d00a2ba192ae1ee22155bb0a300fd1ccb2961006c3fa98ed3",
                "sha256:7d77034e402165b947f43050a8a415aa3205abfed38d127ea66e57a2b7b5a9e0",
                "sha256:7f9a509f6f11fa8b9313002ebdf6f690a7aa1dd91efd95d90185371a0d68220e",
                "sha256:942b5d04762feb0e55b2ad97ce2b254a0ffdd344b56493b04a627266e24f2d82",
                "sha256:a9fbe41663416bb70ed05f4e16c5f377519c0dc292ba9aa45f5356e37df03a38",
                "sha256:d10e83866b48c0cdb83281f786564e2a2b51a7ae7b8a950c3442ad3c9e36b48c",
                "sha256:e2140e1bbf9c46db9936ee70f4be6584d15ff8dc3dfff1da022d71227d53bad3"
            ],
            "index": "pypi",
            "version": "==1.0.1"
        },
        "pandas-datareader": {
            "hashes": [
                "sha256:7001a7cdeee1153e15881701bf03a3bd68931bec806e252eb6babe0ae042ec60",
                "sha256:b8766b166c84b5e103e1ac57677e8c48084b66c4e477c1d0d437ec4b759c7a92"
            ],
            "version": "==0.8.1"
        },
        "pluggy": {
            "hashes": [
                "sha256:15b2acde666561e1298d71b523007ed7364de07029219b604cf808bfa1c765b0",
                "sha256:966c145cd83c96502c3c3868f50408687b38434af77734af1e9ca461a4081d2d"
            ],
            "version": "==0.13.1"
        },
        "protobuf": {
            "hashes": [
                "sha256:0bae429443cc4748be2aadfdaf9633297cfaeb24a9a02d0ab15849175ce90fab",
                "sha256:24e3b6ad259544d717902777b33966a1a069208c885576254c112663e6a5bb0f",
                "sha256:310a7aca6e7f257510d0c750364774034272538d51796ca31d42c3925d12a52a",
                "sha256:52e586072612c1eec18e1174f8e3bb19d08f075fc2e3f91d3b16c919078469d0",
                "sha256:73152776dc75f335c476d11d52ec6f0f6925774802cd48d6189f4d5d7fe753f4",
                "sha256:7774bbbaac81d3ba86de646c39f154afc8156717972bf0450c9dbfa1dc8dbea2",
                "sha256:82d7ac987715d8d1eb4068bf997f3053468e0ce0287e2729c30601feb6602fee",
                "sha256:8eb9c93798b904f141d9de36a0ba9f9b73cc382869e67c9e642c0aba53b0fc07",
                "sha256:adf0e4d57b33881d0c63bb11e7f9038f98ee0c3e334c221f0858f826e8fb0151",
                "sha256:c40973a0aee65422d8cb4e7d7cbded95dfeee0199caab54d5ab25b63bce8135a",
                "sha256:c77c974d1dadf246d789f6dad1c24426137c9091e930dbf50e0a29c1fcf00b1f",
                "sha256:dd9aa4401c36785ea1b6fff0552c674bdd1b641319cb07ed1fe2392388e9b0d7",
                "sha256:e11df1ac6905e81b815ab6fd518e79be0a58b5dc427a2cf7208980f30694b956",
                "sha256:e2f8a75261c26b2f5f3442b0525d50fd79a71aeca04b5ec270fc123536188306",
                "sha256:e512b7f3a4dd780f59f1bf22c302740e27b10b5c97e858a6061772668cd6f961",
                "sha256:ef2c2e56aaf9ee914d3dccc3408d42661aaf7d9bb78eaa8f17b2e6282f214481",
                "sha256:fac513a9dc2a74b99abd2e17109b53945e364649ca03d9f7a0b96aa8d1807d0a",
                "sha256:fdfb6ad138dbbf92b5dbea3576d7c8ba7463173f7d2cb0ca1bd336ec88ddbd80"
            ],
            "version": "==3.11.3"
        },
        "py": {
            "hashes": [
                "sha256:5e27081401262157467ad6e7f851b7aa402c5852dbcb3dae06768434de5752aa",
                "sha256:c20fdd83a5dbc0af9efd622bee9a5564e278f6380fffcacc43ba6f43db2813b0"
            ],
            "version": "==1.8.1"
        },
        "pyparsing": {
            "hashes": [
                "sha256:4c830582a84fb022400b85429791bc551f1f4871c33f23e44f353119e92f969f",
                "sha256:c342dccb5250c08d45fd6f8b4a559613ca603b57498511740e65cd11a2e7dcec"
            ],
            "version": "==2.4.6"
        },
        "pyqt5": {
            "hashes": [
                "sha256:2d94ec761fb656707050c68b41958e3a9f755bb1df96c064470f4096d2899e32",
                "sha256:2f230f2dbd767099de7a0cb915abdf0cbc3256a0b5bb910eb09b99117db7a65b",
                "sha256:31b142a868152d60c6323e0527edb692fdf05fd7cb4fe2fe9ce07d1ce560221a",
                "sha256:713b9a201f5e7b2fca8691373e5d5c8c2552a51d87ca9ffbb1461e34e3241211",
                "sha256:a0bfe9fd718bca4de3e33000347e048f73126b6dc46530eb020b0251a638ee9d"
            ],
            "index": "pypi",
            "markers": "sys_platform == 'darwin'",
            "version": "==5.14.1"
        },
        "pyqt5-sip": {
            "hashes": [
                "sha256:1115728644bbadcde5fc8a16e7918bd31915a42dd6fb36b10d4afb78c582753e",
                "sha256:1f4289276d355b6521dc2cc956189315da6f13adfb6bbab8f25ebd15e3bce1d4",
                "sha256:288c6dc18a8d6a20981c07b715b5695d9b66880778565f3792bc6e38f14f20fb",
                "sha256:3f665376d9e52faa9855c3736a66ce6d825f85c86d7774d3c393f09da23f4f86",
                "sha256:6b4860c4305980db509415d0af802f111d15f92016c9422eb753bc8883463456",
                "sha256:7ffa39763097f64de129cf5cc770a651c3f65d2466b4fe05bef2bd2efbaa38e6",
                "sha256:8a18e6f45d482ddfe381789979d09ee13aa6450caa3a0476503891bccb3ac709",
                "sha256:8da842d3d7bf8931d1093105fb92702276b6dbb7e801abbaaa869405d616171a",
                "sha256:b42021229424aa44e99b3b49520b799fd64ff6ae8b53f79f903bbd85719a28e4",
                "sha256:b5b4906445fe980aee76f20400116b6904bf5f30d0767489c13370e42a764020",
                "sha256:c1e730a9eb2ec3869ed5d81b0f99f6e2460fb4d77750444c0ec183b771d798f7",
                "sha256:cbeeae6b45234a1654657f79943f8bccd3d14b4e7496746c62cf6fbce69442c7",
                "sha256:d46b0f8effc554de52a1466b1bd80e5cb4bce635a75ac4e7ad6247c965dec5b9",
                "sha256:e28c3abc9b62a1b7e796891648b9f14f8167b31c8e7990fae79654777252bb4d",
                "sha256:e6078f5ee7d31c102910d0c277a110e1c2a20a3fc88cd017a39e170120586d3f",
                "sha256:ee1a12f09d5af2304273bfd2f6b43835c1467d5ed501a6c95f5405637fa7750a",
                "sha256:f314f31f5fd39b06897f013f425137e511d45967150eb4e424a363d8138521c6"
            ],
            "version": "==12.7.1"
        },
        "pytest": {
            "hashes": [
                "sha256:0d5fe9189a148acc3c3eb2ac8e1ac0742cb7618c084f3d228baaec0c254b318d",
                "sha256:ff615c761e25eb25df19edddc0b970302d2a9091fbce0e7213298d85fb61fef6"
            ],
            "index": "pypi",
            "version": "==5.3.5"
        },
        "pytest-profiling": {
            "hashes": [
                "sha256:93938f147662225d2b8bd5af89587b979652426a8a6ffd7e73ec4a23e24b7f29",
                "sha256:999cc9ac94f2e528e3f5d43465da277429984a1c237ae9818f8cfd0b06acb019"
            ],
            "index": "pypi",
            "version": "==1.7.0"
        },
        "python-dateutil": {
            "hashes": [
                "sha256:73ebfe9dbf22e832286dafa60473e4cd239f8592f699aa5adaf10050e6e1823c",
                "sha256:75bb3f31ea686f1197762692a9ee6a7550b59fc6ca3a1f4b5d7e32fb98e2da2a"
            ],
            "version": "==2.8.1"
        },
        "pytz": {
            "hashes": [
                "sha256:1c557d7d0e871de1f5ccd5833f60fb2550652da6be2693c1e02300743d21500d",
                "sha256:b02c06db6cf09c12dd25137e563b31700d3b80fcc4ad23abb7a315f2789819be"
            ],
            "version": "==2019.3"
        },
        "requests": {
            "hashes": [
                "sha256:11e007a8a2aa0323f5a921e9e6a2d7e4e67d9877e85773fba9ba6419025cbeb4",
                "sha256:9cf5292fcd0f598c671cfc1e0d7d1a7f13bb8085e9a590f48c010551dc6c4b31"
            ],
            "index": "pypi",
            "version": "==2.22.0"
        },
        "scikit-learn": {
            "hashes": [
                "sha256:06c9816249b9664ef1b04ad6a5d4dfe0c4017c584858c4e658861c2ac5eb4f31",
                "sha256:12ec6b2821a0b4d1b7cbe0e5d6387e64e25e6ec8cfef058b276a14509c3a537b",
                "sha256:13b9ac18d48c051dfea32783067f2e45552e45852b88f3bccdb5c72fa56df3fe",
                "sha256:1e0cb60dae75da9e72d38569d18bbad5008777defd23585035a1314a01af966c",
                "sha256:28033cb7b50b8a6c3762cddd41dc7e5449347dedfa353409a576082e76309d09",
                "sha256:2d35ece66767dd197d020940b1dab3be92ddbb1c96aaef0936d9c4369d544d69",
                "sha256:51ee25330fc244107588545c70e2f3570cfc4017cff09eed69d6e1d82a212b7d",
                "sha256:571476fbb826c87ad300a5aad0238c14a590ab7df5cb823ee19ac077bf13b5f4",
                "sha256:5e0b5bebfd8bd8ab89b58c44acb95ddcc9439b23c875ed597842991cafc18b62",
                "sha256:671874343a0b33bc0dbcae4af0b9a77c55b8132b33887fbfe086681c3f010840",
                "sha256:6fad30299ef3dd103871ad1235b445fd5d2df47c424746eaf3c50fbc99c49cef",
                "sha256:7f1cdfd3c5e9d0951e273f49bb25bd9886537ab77e2273502b8676c3105828ae",
                "sha256:80eec2f54cc7f51c5abb743f09506e009ba2b95bf6fb0e554aa0d8959b680003",
                "sha256:93001af23b0f1e68d93447f9d56bad631d4fc28eafd78b09469fb55aeff715b1",
                "sha256:956a68772df02342af129e8bbe858b3053745c36beb6351a13641e3b56e0df23",
                "sha256:96e1365ba285903e493b1e9505b533171c852f7069d038dcc3395ece952fdc78",
                "sha256:bacc63185520d9eb295d79fa62c388fd7145783920a1fb113451a0b294994cad",
                "sha256:d92b81615854504c27063e0970aed37e644eea5991444558c8aca8fadc1483b3",
                "sha256:d92ed650c32db013f66bba63af4922bd7a9b8c5802d4ee292332e504e567bd4a",
                "sha256:ebdf03b6e7f784e360ab26cf400cd2125d650c0903ef11086c0a3f2b4b07e603",
                "sha256:f18ae2abc09cb94a171840829a8132dda7267c941eb431387a6014f943946825"
            ],
            "index": "pypi",
            "version": "==0.22.1"
        },
        "scipy": {
            "hashes": [
                "sha256:00af72998a46c25bdb5824d2b729e7dabec0c765f9deb0b504f928591f5ff9d4",
                "sha256:0902a620a381f101e184a958459b36d3ee50f5effd186db76e131cbefcbb96f7",
                "sha256:1e3190466d669d658233e8a583b854f6386dd62d655539b77b3fa25bfb2abb70",
                "sha256:2cce3f9847a1a51019e8c5b47620da93950e58ebc611f13e0d11f4980ca5fecb",
                "sha256:3092857f36b690a321a662fe5496cb816a7f4eecd875e1d36793d92d3f884073",
                "sha256:386086e2972ed2db17cebf88610aab7d7f6e2c0ca30042dc9a89cf18dcc363fa",
                "sha256:71eb180f22c49066f25d6df16f8709f215723317cc951d99e54dc88020ea57be",
                "sha256:770254a280d741dd3436919d47e35712fb081a6ff8bafc0f319382b954b77802",
                "sha256:787cc50cab3020a865640aba3485e9fbd161d4d3b0d03a967df1a2881320512d",
                "sha256:8a07760d5c7f3a92e440ad3aedcc98891e915ce857664282ae3c0220f3301eb6",
                "sha256:8d3bc3993b8e4be7eade6dcc6fd59a412d96d3a33fa42b0fa45dc9e24495ede9",
                "sha256:9508a7c628a165c2c835f2497837bf6ac80eb25291055f56c129df3c943cbaf8",
                "sha256:a144811318853a23d32a07bc7fd5561ff0cac5da643d96ed94a4ffe967d89672",
                "sha256:a1aae70d52d0b074d8121333bc807a485f9f1e6a69742010b33780df2e60cfe0",
                "sha256:a2d6df9eb074af7f08866598e4ef068a2b310d98f87dc23bd1b90ec7bdcec802",
                "sha256:bb517872058a1f087c4528e7429b4a44533a902644987e7b2fe35ecc223bc408",
                "sha256:c5cac0c0387272ee0e789e94a570ac51deb01c796b37fb2aad1fb13f85e2f97d",
                "sha256:cc971a82ea1170e677443108703a2ec9ff0f70752258d0e9f5433d00dda01f59",
                "sha256:dba8306f6da99e37ea08c08fef6e274b5bf8567bb094d1dbe86a20e532aca088",
                "sha256:dc60bb302f48acf6da8ca4444cfa17d52c63c5415302a9ee77b3b21618090521",
                "sha256:dee1bbf3a6c8f73b6b218cb28eed8dd13347ea2f87d572ce19b289d6fd3fbc59"
            ],
            "version": "==1.4.1"
        },
        "six": {
            "hashes": [
                "sha256:236bdbdce46e6e6a3d61a337c0f8b763ca1e8717c03b369e87a7ec7ce1319c0a",
                "sha256:8f3cd2e254d8f793e7f3d6d9df77b92252b52637291d0f0da013c76ea2724b6c"
            ],
            "version": "==1.14.0"
        },
        "ta-lib": {
            "hashes": [
                "sha256:16ab1e33c547fe72c10c28b02f6ae342fbcc7eef6a49ba961c639a6020aba56a"
            ],
            "index": "pypi",
            "markers": "sys_platform == 'darwin'",
            "version": "==0.4.17"
        },
        "ta-lib-win32": {
            "path": "./bin/TA_Lib-0.4.17-cp37-cp37m-win32.whl",
            "sys_platform": "== 'win32'"
        },
        "tabulate": {
            "hashes": [
                "sha256:5470cc6687a091c7042cee89b2946d9235fe9f6d49c193a4ae2ac7bf386737c8"
            ],
            "version": "==0.8.6"
        },
        "tensorboard": {
            "hashes": [
                "sha256:53d8f40589c903dae65f39a799c2bc49defae3703754984d90613d26ebd714a4",
                "sha256:b664fe7772be5670d8b04200342e681af7795a12cd752709aed565c06c0cc196"
            ],
            "version": "==1.13.1"
        },
        "tensorflow": {
            "hashes": [
                "sha256:0de5887495c20e1130ae4d9bcfaf80cec87f579a9c27a84141a588a46e5aa853",
                "sha256:0f305f3c461ed2ce5e0b65fccc7b7452f483c7935dd8a52a466d622e642fdea8",
                "sha256:4325f20b5a703b80a5f7a8807f07ad8735025bd2a947093ffff1c26fbdc7980b",
                "sha256:4c86be0e476b64cedf4ffa059d71b764e75b895effb697345687e3057929a7b5",
                "sha256:6b0a0a413390302ce7c22c98695983d6fb8406861cfb418b25536f57a96c0b89",
                "sha256:77eec2351d0a9b5312ea01ee4c78c13996f249cf1bead2e68256a65e533f45ef",
                "sha256:87bf719a564f11d63e4f614e933e5a612dd4e67c88266b774236e0982f5fcf69",
                "sha256:ba29e66331cd2a8f824e0fa937ce44bd624bc37739f2f083694e473051d89ace",
                "sha256:bc374f5a662b6e164cd1c4da61ccc752ec208a44893d2f9dcf47d2a0a2cef311",
                "sha256:bcf86966b7554e407bb7d73341f2e108df62a910d40b4cd2a914867f2a5de51c",
                "sha256:c3abffd51c168cfd62a557243c47a29ab48deb52a64465e6818060f20755ddb4",
                "sha256:c41862c65628261229db22e33f9e570d845eeb5cea66dcbaebe404405edaa69b",
                "sha256:d7341617aedd73c2c847755e87697e9c19eb625c73da26d6cd669220c5565119",
                "sha256:de0425b58cb34006e4500565239b4c3a3055b95bff132f097fa46c87d8e463c9",
                "sha256:f21fb65c8e874f40c654bc9b3ff3db3ec26f98f03fe64a541bc768f6f5c52ac2"
            ],
            "index": "pypi",
            "markers": "sys_platform != 'win32'",
            "version": "==1.13.1"
        },
        "tensorflow-estimator": {
            "hashes": [
                "sha256:7cfdaa3e83e3532f31713713feb98be7ea9f3065722be4267e49b6c301271419"
            ],
            "version": "==1.13.0"
        },
        "tensorflow-win32": {
            "file": "https://github.com/fo40225/tensorflow-windows-wheel/raw/master/1.13.1/py37/CPU/avx2/tensorflow-1.13.1-cp37-cp37m-win_amd64.whl",
            "sys_platform": "== 'win32'"
        },
        "termcolor": {
            "hashes": [
                "sha256:1d6d69ce66211143803fbc56652b41d73b4a400a2891d7bf7a1cdf4c02de613b"
            ],
            "version": "==1.1.0"
        },
        "ujson": {
            "hashes": [
                "sha256:f66073e5506e91d204ab0c614a148d5aa938bdbf104751be66f8ad7a222f5f86"
            ],
            "index": "pypi",
            "version": "==1.35"
        },
        "urllib3": {
            "hashes": [
                "sha256:2f3db8b19923a873b3e5256dc9c2dedfa883e33d87c690d9c7913e1f40673cdc",
                "sha256:87716c2d2a7121198ebcb7ce7cccf6ce5e9ba539041cfbaeecfb641dc0bf6acc"
            ],
            "version": "==1.25.8"
        },
        "waitress": {
            "hashes": [
                "sha256:045b3efc3d97c93362173ab1dfc159b52cfa22b46c3334ffc805dbdbf0e4309e",
                "sha256:77ff3f3226931a1d7d8624c5371de07c8e90c7e5d80c5cc660d72659aaf23f38"
            ],
            "index": "pypi",
            "version": "==1.4.3"
        },
        "wcwidth": {
            "hashes": [
                "sha256:8fd29383f539be45b20bd4df0dc29c20ba48654a41e661925e612311e9f3c603",
                "sha256:f28b3e8a6483e5d49e7f8949ac1a78314e740333ae305b4ba5defd3e74fb37a8"
            ],
            "version": "==0.1.8"
        },
        "werkzeug": {
            "hashes": [
                "sha256:169ba8a33788476292d04186ab33b01d6add475033dfc07215e6d219cc077096",
                "sha256:6dc65cf9091cf750012f56f2cad759fa9e879f511b5ff8685e456b4e3bf90d16"
            ],
            "version": "==1.0.0"
        },
        "wheel": {
            "hashes": [
                "sha256:8788e9155fe14f54164c1b9eb0a319d98ef02c160725587ad60f14ddc57b6f96",
                "sha256:df277cb51e61359aba502208d680f90c0493adec6f0e848af94948778aed386e"
            ],
            "markers": "python_version >= '3'",
            "version": "==0.34.2"
        },
        "zipp": {
            "hashes": [
                "sha256:5c56e330306215cd3553342cfafc73dda2c60792384117893f3a83f8a1209f50",
                "sha256:d65287feb793213ffe11c0f31b81602be31448f38aeb8ffc2eb286c4f6f6657e"
            ],
            "version": "==2.2.0"
        }
    },
    "develop": {}
}
